
Microsoft Visual Studio Solution File, Format Version 12.00
# Visual Studio Version 16
VisualStudioVersion = 16.0.30011.22
MinimumVisualStudioVersion = 10.0.40219.1
Project("{9A19103F-16F7-4668-BE54-9A1E7A4F7556}") = "Result", "Result\Result.csproj", "{4C4BE67D-7385-40C3-9B1F-FCAAC5B68764}"
EndProject
Global
	GlobalSection(SolutionConfigurationPlatforms) = preSolution
		Debug|Any CPU = Debug|Any CPU
		Release|Any CPU = Release|Any CPU
	EndGlobalSection
	GlobalSection(ProjectConfigurationPlatforms) = postSolution
		{4C4BE67D-7385-40C3-9B1F-FCAAC5B68764}.Debug|Any CPU.ActiveCfg = Debug|Any CPU
		{4C4BE67D-7385-40C3-9B1F-FCAAC5B68764}.Debug|Any CPU.Build.0 = Debug|Any CPU
		{4C4BE67D-7385-40C3-9B1F-FCAAC5B68764}.Release|Any CPU.ActiveCfg = Release|Any CPU
		{4C4BE67D-7385-40C3-9B1F-FCAAC5B68764}.Release|Any CPU.Build.0 = Release|Any CPU
	EndGlobalSection
	GlobalSection(SolutionProperties) = preSolution
		HideSolutionNode = FALSE
	EndGlobalSection
	GlobalSection(ExtensibilityGlobals) = postSolution
		SolutionGuid = {53CFC889-915A-4281-BF37-5F4C09517C4E}
	EndGlobalSection
EndGlobal
